// !$*UTF8*$!
{
	archiveVersion = 1;
	classes = {
	};
	objectVersion = 77;
	objects = {

/* Begin PBXBuildFile section */
		A38D25592F7F0BF50052ACC1 /* REFACTORING_PLAN.md in Resources */ = {isa = PBXBuildFile; fileRef = A38D25582F7F0BF50052ACC1 /* REFACTORING_PLAN.md */; };
/* End PBXBuildFile section */

/* Begin PBXContainerItemProxy section */
		DAD776202DF1FFCE005EB320 /* PBXContainerItemProxy */ = {
			isa = PBXContainerItemProxy;
			containerPortal = DAD7760A2DF1FFCD005EB320 /* Project object */;
			proxyType = 1;
			remoteGlobalIDString = DAD776112DF1FFCD005EB320;
			remoteInfo = PRTimer;
		};
		DAD7762A2DF1FFCE005EB320 /* PBXContainerItemProxy */ = {
			isa = PBXContainerItemProxy;
			containerPortal = DAD7760A2DF1FFCD005EB320 /* Project object */;
			proxyType = 1;
			remoteGlobalIDString = DAD776112DF1FFCD005EB320;
			remoteInfo = PRTimer;
		};
/* End PBXContainerItemProxy section */

/* Begin PBXFileReference section */
		A38D25582F7F0BF50052ACC1 /* REFACTORING_PLAN.md */ = {isa = PBXFileReference; lastKnownFileType = net.daringfireball.markdown; path = REFACTORING_PLAN.md; sourceTree = "<group>"; };
		DAD776122DF1FFCD005EB320 /* PRTimer.app */ = {isa = PBXFileReference; explicitFileType = wrapper.application; includeInIndex = 0; path = PRTimer.app; sourceTree = BUILT_PRODUCTS_DIR; };
		DAD7761F2DF1FFCE005EB320 /* PRTimerTests.xctest */ = {isa = PBXFileReference; explicitFileType = wrapper.cfbundle; includeInIndex = 0; path = PRTimerTests.xctest; sourceTree = BUILT_PRODUCTS_DIR; };
		DAD776292DF1FFCE005EB320 /* PRTimerUITests.xctest */ = {isa = PBXFileReference; explicitFileType = wrapper.cfbundle; includeInIndex = 0; path = PRTimerUITests.xctest; sourceTree = BUILT_PRODUCTS_DIR; };
/* End PBXFileReference section */

/* Begin PBXFileSystemSynchronizedRootGroup section */
		DAD776142DF1FFCD005EB320 /* PRTimer */ = {
			isa = PBXFileSystemSynchronizedRootGroup;
			path = PRTimer;
			sourceTree = "<group>";
		};
		DAD776222DF1FFCE005EB320 /* PRTimerTests */ = {
			isa = PBXFileSystemSynchronizedRootGroup;
			path = PRTimerTests;
			sourceTree = "<group>";
		};
		DAD7762C2DF1FFCE005EB320 /* PRTimerUITests */ = {
			isa = PBXFileSystemSynchronizedRootGroup;
			path = PRTimerUITests;
			sourceTree = "<group>";
		};
/* End PBXFileSystemSynchronizedRootGroup section */

/* Begin PBXFrameworksBuildPhase section */
		DAD7760F2DF1FFCD005EB320 /* Frameworks */ = {
			isa = PBXFrameworksBuildPhase;
			buildActionMask = 2147483647;
			files = (
			);
			runOnlyForDeploymentPostprocessing = 0;
		};
		DAD7761C2DF1FFCE005EB320 /* Frameworks */ = {
			isa = PBXFrameworksBuildPhase;
			buildActionMask = 2147483647;
			files = (
			);
			runOnlyForDeploymentPostprocessing = 0;
		};
		DAD776262DF1FFCE005EB320 /* Frameworks */ = {
			isa = PBXFrameworksBuildPhase;
			buildActionMask = 2147483647;
			files = (
			);
			runOnlyForDeploymentPostprocessing = 0;
		};
/* End PBXFrameworksBuildPhase section */

/* Begin PBXGroup section */
		DAD776092DF1FFCD005EB320 = {
			isa = PBXGroup;
			children = (
				DAD776142DF1FFCD005EB320 /* PRTimer */,
				DAD776222DF1FFCE005EB320 /* PRTimerTests */,
				DAD7762C2DF1FFCE005EB320 /* PRTimerUITests */,
				DAD776132DF1FFCD005EB320 /* Products */,
				A38D25582F7F0BF50052ACC1 /* REFACTORING_PLAN.md */,
			);
			sourceTree = "<group>";
		};
		DAD776132DF1FFCD005EB320 /* Products */ = {
			isa = PBXGroup;
			children = (
				DAD776122DF1FFCD005EB320 /* PRTimer.app */,
				DAD7761F2DF1FFCE005EB320 /* PRTimerTests.xctest */,
				DAD776292DF1FFCE005EB320 /* PRTimerUITests.xctest */,
			);
			name = Products;
			sourceTree = "<group>";
		};
/* End PBXGroup section */

/* Begin PBXNativeTarget section */
		DAD776112DF1FFCD005EB320 /* PRTimer */ = {
			isa = PBXNativeTarget;
			buildConfigurationList = DAD776332DF1FFCE005EB320 /* Build configuration list for PBXNativeTarget "PRTimer" */;
			buildPhases = (
				DAD7760E2DF1FFCD005EB320 /* Sources */,
				DAD7760F2DF1FFCD005EB320 /* Frameworks */,
				DAD776102DF1FFCD005EB320 /* Resources */,
			);
			buildRules = (
			);
			dependencies = (
			);
			fileSystemSynchronizedGroups = (
				DAD776142DF1FFCD005EB320 /* PRTimer */,
			);
			name = PRTimer;
			packageProductDependencies = (
			);
			productName = PRTimer;
			productReference = DAD776122DF1FFCD005EB320 /* PRTimer.app */;
			productType = "com.apple.product-type.application";
		};
		DAD7761E2DF1FFCE005EB320 /* PRTimerTests */ = {
			isa = PBXNativeTarget;
			buildConfigurationList = DAD776362DF1FFCE005EB320 /* Build configuration list for PBXNativeTarget "PRTimerTests" */;
			buildPhases = (
				DAD7761B2DF1FFCE005EB320 /* Sources */,
				DAD7761C2DF1FFCE005EB320 /* Frameworks */,
				DAD7761D2DF1FFCE005EB320 /* Resources */,
			);
			buildRules = (
			);
			dependencies = (
				DAD776212DF1FFCE005EB320 /* PBXTargetDependency */,
			);
			fileSystemSynchronizedGroups = (
				DAD776222DF1FFCE005EB320 /* PRTimerTests */,
			);
			name = PRTimerTests;
			packageProductDependencies = (
			);
			productName = PRTimerTests;
			productReference = DAD7761F2DF1FFCE005EB320 /* PRTimerTests.xctest */;
			productType = "com.apple.product-type.bundle.unit-test";
		};
		DAD776282DF1FFCE005EB320 /* PRTimerUITests */ = {
			isa = PBXNativeTarget;
			buildConfigurationList = DAD776392DF1FFCE005EB320 /* Build configuration list for PBXNativeTarget "PRTimerUITests" */;
			buildPhases = (
				DAD776252DF1FFCE005EB320 /* Sources */,
				DAD776262DF1FFCE005EB320 /* Frameworks */,
				DAD776272DF1FFCE005EB320 /* Resources */,
			);
			buildRules = (
			);
			dependencies = (
				DAD7762B2DF1FFCE005EB320 /* PBXTargetDependency */,
			);
			fileSystemSynchronizedGroups = (
				DAD7762C2DF1FFCE005EB320 /* PRTimerUITests */,
			);
			name = PRTimerUITests;
			packageProductDependencies = (
			);
			productName = PRTimerUITests;
			productReference = DAD776292DF1FFCE005EB320 /* PRTimerUITests.xctest */;
			productType = "com.apple.product-type.bundle.ui-testing";
		};
/* End PBXNativeTarget section */

/* Begin PBXProject section */
		DAD7760A2DF1FFCD005EB320 /* Project object */ = {
			isa = PBXProject;
			attributes = {
				BuildIndependentTargetsInParallel = 1;
				LastSwiftUpdateCheck = 1640;
				LastUpgradeCheck = 1640;
				TargetAttributes = {
					DAD776112DF1FFCD005EB320 = {
						CreatedOnToolsVersion = 16.4;
					};
					DAD7761E2DF1FFCE005EB320 = {
						CreatedOnToolsVersion = 16.4;
						TestTargetID = DAD776112DF1FFCD005EB320;
					};
					DAD776282DF1FFCE005EB320 = {
						CreatedOnToolsVersion = 16.4;
						TestTargetID = DAD776112DF1FFCD005EB320;
					};
				};
			};
			buildConfigurationList = DAD7760D2DF1FFCD005EB320 /* Build configuration list for PBXProject "PRTimer" */;
			developmentRegion = en;
			hasScannedForEncodings = 0;
			knownRegions = (
				en,
				Base,
			);
			mainGroup = DAD776092DF1FFCD005EB320;
			minimizedProjectReferenceProxies = 1;
			preferredProjectObjectVersion = 77;
			productRefGroup = DAD776132DF1FFCD005EB320 /* Products */;
			projectDirPath = "";
			projectRoot = "";
			targets = (
				DAD776112DF1FFCD005EB320 /* PRTimer */,
				DAD7761E2DF1FFCE005EB320 /* PRTimerTests */,
				DAD776282DF1FFCE005EB320 /* PRTimerUITests */,
			);
		};
/* End PBXProject section */

/* Begin PBXResourcesBuildPhase section */
		DAD776102DF1FFCD005EB320 /* Resources */ = {
			isa = PBXResourcesBuildPhase;
			buildActionMask = 2147483647;
			files = (
				A38D25592F7F0BF50052ACC1 /* REFACTORING_PLAN.md in Resources */,
			);
			runOnlyForDeploymentPostprocessing = 0;
		};
		DAD7761D2DF1FFCE005EB320 /* Resources */ = {
			isa = PBXResourcesBuildPhase;
			buildActionMask = 2147483647;
			files = (
			);
			runOnlyForDeploymentPostprocessing = 0;
		};
		DAD776272DF1FFCE005EB320 /* Resources */ = {
			isa = PBXResourcesBuildPhase;
			buildActionMask = 2147483647;
			files = (
			);
			runOnlyForDeploymentPostprocessing = 0;
		};
/* End PBXResourcesBuildPhase section */

/* Begin PBXSourcesBuildPhase section */
		DAD7760E2DF1FFCD005EB320 /* Sources */ = {
			isa = PBXSourcesBuildPhase;
			buildActionMask = 2147483647;
			files = (
			);
			runOnlyForDeploymentPostprocessing = 0;
		};
		DAD7761B2DF1FFCE005EB320 /* Sources */ = {
			isa = PBXSourcesBuildPhase;
			buildActionMask = 2147483647;
			files = (
			);
			runOnlyForDeploymentPostprocessing = 0;
		};
		DAD776252DF1FFCE005EB320 /* Sources */ = {
			isa = PBXSourcesBuildPhase;
			buildActionMask = 2147483647;
			files = (
			);
			runOnlyForDeploymentPostprocessing = 0;
		};
/* End PBXSourcesBuildPhase section */

/* Begin PBXTargetDependency section */
		DAD776212DF1FFCE005EB320 /* PBXTargetDependency */ = {
			isa = PBXTargetDependency;
			target = DAD776112DF1FFCD005EB320 /* PRTimer */;
			targetProxy = DAD776202DF1FFCE005EB320 /* PBXContainerItemProxy */;
		};
		DAD7762B2DF1FFCE005EB320 /* PBXTargetDependency */ = {
			isa = PBXTargetDependency;
			target = DAD776112DF1FFCD005EB320 /* PRTimer */;
			targetProxy = DAD7762A2DF1FFCE005EB320 /* PBXContainerItemProxy */;
		};
/* End PBXTargetDependency section */

/* Begin XCBuildConfiguration section */
		DAD776312DF1FFCE005EB320 /* Debug */ = {
			isa = XCBuildConfiguration;
			buildSettings = {
				ALWAYS_SEARCH_USER_PATHS = NO;
				ASSETCATALOG_COMPILER_GENERATE_SWIFT_ASSET_SYMBOL_EXTENSIONS = YES;
				CLANG_ANALYZER_NONNULL = YES;
				CLANG_ANALYZER_NUMBER_OBJECT_CONVERSION = YES_AGGRESSIVE;
				CLANG_CXX_LANGUAGE_STANDARD = "gnu++20";
				CLANG_ENABLE_MODULES = YES;
				CLANG_ENABLE_OBJC_ARC = YES;
				CLANG_ENABLE_OBJC_WEAK = YES;
				CLANG_WARN_BLOCK_CAPTURE_AUTORELEASING = YES;
				CLANG_WARN_BOOL_CONVERSION = YES;
				CLANG_WARN_COMMA = YES;
				CLANG_WARN_CONSTANT_CONVERSION = YES;
				CLANG_WARN_DEPRECATED_OBJC_IMPLEMENTATIONS = YES;
				CLANG_WARN_DIRECT_OBJC_ISA_USAGE = YES_ERROR;
				CLANG_WARN_DOCUMENTATION_COMMENTS = YES;
				CLANG_WARN_EMPTY_BODY = YES;
				CLANG_WARN_ENUM_CONVERSION = YES;
				CLANG_WARN_INFINITE_RECURSION = YES;
				CLANG_WARN_INT_CONVERSION = YES;
				CLANG_WARN_NON_LITERAL_NULL_CONVERSION = YES;
				CLANG_WARN_OBJC_IMPLICIT_RETAIN_SELF = YES;
				CLANG_WARN_OBJC_LITERAL_CONVERSION = YES;
				CLANG_WARN_OBJC_ROOT_CLASS = YES_ERROR;
				CLANG_WARN_QUOTED_INCLUDE_IN_FRAMEWORK_HEADER = YES;
				CLANG_WARN_RANGE_LOOP_ANALYSIS = YES;
				CLANG_WARN_STRICT_PROTOTYPES = YES;
				CLANG_WARN_SUSPICIOUS_MOVE = YES;
				CLANG_WARN_UNGUARDED_AVAILABILITY = YES_AGGRESSIVE;
				CLANG_WARN_UNREACHABLE_CODE = YES;
				CLANG_WARN__DUPLICATE_METHOD_MATCH = YES;
				COPY_PHASE_STRIP = NO;
				DEBUG_INFORMATION_FORMAT = dwarf;
				DEVELOPMENT_TEAM = WM8XRAF8TS;
				ENABLE_STRICT_OBJC_MSGSEND = YES;
				ENABLE_TESTABILITY = YES;
				ENABLE_USER_SCRIPT_SANDBOXING = YES;
				GCC_C_LANGUAGE_STANDARD = gnu17;
				GCC_DYNAMIC_NO_PIC = NO;
				GCC_NO_COMMON_BLOCKS = YES;
				GCC_OPTIMIZATION_LEVEL = 0;
				GCC_PREPROCESSOR_DEFINITIONS = (
					"DEBUG=1",
					"$(inherited)",
				);
				GCC_WARN_64_TO_32_BIT_CONVERSION = YES;
				GCC_WARN_ABOUT_RETURN_TYPE = YES_ERROR;
				GCC_WARN_UNDECLARED_SELECTOR = YES;
				GCC_WARN_UNINITIALIZED_AUTOS = YES_AGGRESSIVE;
				GCC_WARN_UNUSED_FUNCTION = YES;
				GCC_WARN_UNUSED_VARIABLE = YES;
				IPHONEOS_DEPLOYMENT_TARGET = 18.5;
				LOCALIZATION_PREFERS_STRING_CATALOGS = YES;
				MTL_ENABLE_DEBUG_INFO = INCLUDE_SOURCE;
				MTL_FAST_MATH = YES;
				ONLY_ACTIVE_ARCH = YES;
				SDKROOT = iphoneos;
				SWIFT_ACTIVE_COMPILATION_CONDITIONS = "DEBUG $(inherited)";
				SWIFT_OPTIMIZATION_LEVEL = "-Onone";
			};
			name = Debug;
		};
		DAD776322DF1FFCE005EB320 /* Release */ = {
			isa = XCBuildConfiguration;
			buildSettings = {
				ALWAYS_SEARCH_USER_PATHS = NO;
				ASSETCATALOG_COMPILER_GENERATE_SWIFT_ASSET_SYMBOL_EXTENSIONS = YES;
				CLANG_ANALYZER_NONNULL = YES;
				CLANG_ANALYZER_NUMBER_OBJECT_CONVERSION = YES_AGGRESSIVE;
				CLANG_CXX_LANGUAGE_STANDARD = "gnu++20";
				CLANG_ENABLE_MODULES = YES;
				CLANG_ENABLE_OBJC_ARC = YES;
				CLANG_ENABLE_OBJC_WEAK = YES;
				CLANG_WARN_BLOCK_CAPTURE_AUTORELEASING = YES;
				CLANG_WARN_BOOL_CONVERSION = YES;
				CLANG_WARN_COMMA = YES;
				CLANG_WARN_CONSTANT_CONVERSION = YES;
				CLANG_WARN_DEPRECATED_OBJC_IMPLEMENTATIONS = YES;
				CLANG_WARN_DIRECT_OBJC_ISA_USAGE = YES_ERROR;
				CLANG_WARN_DOCUMENTATION_COMMENTS = YES;
				CLANG_WARN_EMPTY_BODY = YES;
				CLANG_WARN_ENUM_CONVERSION = YES;
				CLANG_WARN_INFINITE_RECURSION = YES;
				CLANG_WARN_INT_CONVERSION = YES;
				CLANG_WARN_NON_LITERAL_NULL_CONVERSION = YES;
				CLANG_WARN_OBJC_IMPLICIT_RETAIN_SELF = YES;
				CLANG_WARN_OBJC_LITERAL_CONVERSION = YES;
				CLANG_WARN_OBJC_ROOT_CLASS = YES_ERROR;
				CLANG_WARN_QUOTED_INCLUDE_IN_FRAMEWORK_HEADER = YES;
				CLANG_WARN_RANGE_LOOP_ANALYSIS = YES;
				CLANG_WARN_STRICT_PROTOTYPES = YES;
				CLANG_WARN_SUSPICIOUS_MOVE = YES;
				CLANG_WARN_UNGUARDED_AVAILABILITY = YES_AGGRESSIVE;
				CLANG_WARN_UNREACHABLE_CODE = YES;
				CLANG_WARN__DUPLICATE_METHOD_MATCH = YES;
				COPY_PHASE_STRIP = NO;
				DEBUG_INFORMATION_FORMAT = "dwarf-with-dsym";
				DEVELOPMENT_TEAM = WM8XRAF8TS;
				ENABLE_NS_ASSERTIONS = NO;
				ENABLE_STRICT_OBJC_MSGSEND = YES;
				ENABLE_USER_SCRIPT_SANDBOXING = YES;
				GCC_C_LANGUAGE_STANDARD = gnu17;
				GCC_NO_COMMON_BLOCKS = YES;
				GCC_WARN_64_TO_32_BIT_CONVERSION = YES;
				GCC_WARN_ABOUT_RETURN_TYPE = YES_ERROR;
				GCC_WARN_UNDECLARED_SELECTOR = YES;
				GCC_WARN_UNINITIALIZED_AUTOS = YES_AGGRESSIVE;
				GCC_WARN_UNUSED_FUNCTION = YES;
				GCC_WARN_UNUSED_VARIABLE = YES;
				IPHONEOS_DEPLOYMENT_TARGET = 18.5;
				LOCALIZATION_PREFERS_STRING_CATALOGS = YES;
				MTL_ENABLE_DEBUG_INFO = NO;
				MTL_FAST_MATH = YES;
				SDKROOT = iphoneos;
				SWIFT_COMPILATION_MODE = wholemodule;
				VALIDATE_PRODUCT = YES;
			};
			name = Release;
		};
		DAD776342DF1FFCE005EB320 /* Debug */ = {
			isa = XCBuildConfiguration;
			buildSettings = {
				ASSETCATALOG_COMPILER_APPICON_NAME = AppIcon;
				ASSETCATALOG_COMPILER_GLOBAL_ACCENT_COLOR_NAME = AccentColor;
				CODE_SIGN_STYLE = Automatic;
				CURRENT_PROJECT_VERSION = 1;
				DEVELOPMENT_TEAM = WM8XRAF8TS;
				ENABLE_PREVIEWS = YES;
				GENERATE_INFOPLIST_FILE = YES;
				INFOPLIST_KEY_UIApplicationSceneManifest_Generation = YES;
				INFOPLIST_KEY_UIApplicationSupportsIndirectInputEvents = YES;
				INFOPLIST_KEY_UILaunchScreen_Generation = YES;
				INFOPLIST_KEY_UISupportedInterfaceOrientations_iPad = "UIInterfaceOrientationPortrait UIInterfaceOrientationPortraitUpsideDown UIInterfaceOrientationLandscapeLeft UIInterfaceOrientationLandscapeRight";
				INFOPLIST_KEY_UISupportedInterfaceOrientations_iPhone = "UIInterfaceOrientationPortrait UIInterfaceOrientationLandscapeLeft UIInterfaceOrientationLandscapeRight";
				IPHONEOS_DEPLOYMENT_TARGET = 18.0;
				LD_RUNPATH_SEARCH_PATHS = (
					"$(inherited)",
					"@executable_path/Frameworks",
				);
				MARKETING_VERSION = 1.0;
				PRODUCT_BUNDLE_IDENTIFIER = name.paullyons.PRTimer;
				PRODUCT_NAME = "$(TARGET_NAME)";
				SWIFT_EMIT_LOC_STRINGS = YES;
				SWIFT_VERSION = 5.0;
				TARGETED_DEVICE_FAMILY = "1,2";
			};
			name = Debug;
		};
		DAD776352DF1FFCE005EB320 /* Release */ = {
			isa = XCBuildConfiguration;
			buildSettings = {
				ASSETCATALOG_COMPILER_APPICON_NAME = AppIcon;
				ASSETCATALOG_COMPILER_GLOBAL_ACCENT_COLOR_NAME = AccentColor;
				CODE_SIGN_STYLE = Automatic;
				CURRENT_PROJECT_VERSION = 1;
				DEVELOPMENT_TEAM = WM8XRAF8TS;
				ENABLE_PREVIEWS = YES;
				GENERATE_INFOPLIST_FILE = YES;
				INFOPLIST_KEY_UIApplicationSceneManifest_Generation = YES;
				INFOPLIST_KEY_UIApplicationSupportsIndirectInputEvents = YES;
				INFOPLIST_KEY_UILaunchScreen_Generation = YES;
				INFOPLIST_KEY_UISupportedInterfaceOrientations_iPad = "UIInterfaceOrientationPortrait UIInterfaceOrientationPortraitUpsideDown UIInterfaceOrientationLandscapeLeft UIInterfaceOrientationLandscapeRight";
				INFOPLIST_KEY_UISupportedInterfaceOrientations_iPhone = "UIInterfaceOrientationPortrait UIInterfaceOrientationLandscapeLeft UIInterfaceOrientationLandscapeRight";
				IPHONEOS_DEPLOYMENT_TARGET = 18.0;
				LD_RUNPATH_SEARCH_PATHS = (
					"$(inherited)",
					"@executable_path/Frameworks",
				);
				MARKETING_VERSION = 1.0;
				PRODUCT_BUNDLE_IDENTIFIER = name.paullyons.PRTimer;
				PRODUCT_NAME = "$(TARGET_NAME)";
				SWIFT_EMIT_LOC_STRINGS = YES;
				SWIFT_VERSION = 5.0;
				TARGETED_DEVICE_FAMILY = "1,2";
			};
			name = Release;
		};
		DAD776372DF1FFCE005EB320 /* Debug */ = {
			isa = XCBuildConfiguration;
			buildSettings = {
				BUNDLE_LOADER = "$(TEST_HOST)";
				CODE_SIGN_STYLE = Automatic;
				CURRENT_PROJECT_VERSION = 1;
				DEVELOPMENT_TEAM = WM8XRAF8TS;
				GENERATE_INFOPLIST_FILE = YES;
				IPHONEOS_DEPLOYMENT_TARGET = 18.5;
				MARKETING_VERSION = 1.0;
				PRODUCT_BUNDLE_IDENTIFIER = name.paullyons.PRTimerTests;
				PRODUCT_NAME = "$(TARGET_NAME)";
				SWIFT_EMIT_LOC_STRINGS = NO;
				SWIFT_VERSION = 5.0;
				TARGETED_DEVICE_FAMILY = "1,2";
				TEST_HOST = "$(BUILT_PRODUCTS_DIR)/PRTimer.app/$(BUNDLE_EXECUTABLE_FOLDER_PATH)/PRTimer";
			};
			name = Debug;
		};
		DAD776382DF1FFCE005EB320 /* Release */ = {
			isa = XCBuildConfiguration;
			buildSettings = {
				BUNDLE_LOADER = "$(TEST_HOST)";
				CODE_SIGN_STYLE = Automatic;
				CURRENT_PROJECT_VERSION = 1;
				DEVELOPMENT_TEAM = WM8XRAF8TS;
				GENERATE_INFOPLIST_FILE = YES;
				IPHONEOS_DEPLOYMENT_TARGET = 18.5;
				MARKETING_VERSION = 1.0;
				PRODUCT_BUNDLE_IDENTIFIER = name.paullyons.PRTimerTests;
				PRODUCT_NAME = "$(TARGET_NAME)";
				SWIFT_EMIT_LOC_STRINGS = NO;
				SWIFT_VERSION = 5.0;
				TARGETED_DEVICE_FAMILY = "1,2";
				TEST_HOST = "$(BUILT_PRODUCTS_DIR)/PRTimer.app/$(BUNDLE_EXECUTABLE_FOLDER_PATH)/PRTimer";
			};
			name = Release;
		};
		DAD7763A2DF1FFCE005EB320 /* Debug */ = {
			isa = XCBuildConfiguration;
			buildSettings = {
				CODE_SIGN_STYLE = Automatic;
				CURRENT_PROJECT_VERSION = 1;
				DEVELOPMENT_TEAM = WM8XRAF8TS;
				GENERATE_INFOPLIST_FILE = YES;
				MARKETING_VERSION = 1.0;
				PRODUCT_BUNDLE_IDENTIFIER = name.paullyons.PRTimerUITests;
				PRODUCT_NAME = "$(TARGET_NAME)";
				SWIFT_EMIT_LOC_STRINGS = NO;
				SWIFT_VERSION = 5.0;
				TARGETED_DEVICE_FAMILY = "1,2";
				TEST_TARGET_NAME = PRTimer;
			};
			name = Debug;
		};
		DAD7763B2DF1FFCE005EB320 /* Release */ = {
			isa = XCBuildConfiguration;
			buildSettings = {
				CODE_SIGN_STYLE = Automatic;
				CURRENT_PROJECT_VERSION = 1;
				DEVELOPMENT_TEAM = WM8XRAF8TS;
				GENERATE_INFOPLIST_FILE = YES;
				MARKETING_VERSION = 1.0;
				PRODUCT_BUNDLE_IDENTIFIER = name.paullyons.PRTimerUITests;
				PRODUCT_NAME = "$(TARGET_NAME)";
				SWIFT_EMIT_LOC_STRINGS = NO;
				SWIFT_VERSION = 5.0;
				TARGETED_DEVICE_FAMILY = "1,2";
				TEST_TARGET_NAME = PRTimer;
			};
			name = Release;
		};
/* End XCBuildConfiguration section */

/* Begin XCConfigurationList section */
		DAD7760D2DF1FFCD005EB320 /* Build configuration list for PBXProject "PRTimer" */ = {
			isa = XCConfigurationList;
			buildConfigurations = (
				DAD776312DF1FFCE005EB320 /* Debug */,
				DAD776322DF1FFCE005EB320 /* Release */,
			);
			defaultConfigurationIsVisible = 0;
			defaultConfigurationName = Release;
		};
		DAD776332DF1FFCE005EB320 /* Build configuration list for PBXNativeTarget "PRTimer" */ = {
			isa = XCConfigurationList;
			buildConfigurations = (
				DAD776342DF1FFCE005EB320 /* Debug */,
				DAD776352DF1FFCE005EB320 /* Release */,
			);
			defaultConfigurationIsVisible = 0;
			defaultConfigurationName = Release;
		};
		DAD776362DF1FFCE005EB320 /* Build configuration list for PBXNativeTarget "PRTimerTests" */ = {
			isa = XCConfigurationList;
			buildConfigurations = (
				DAD776372DF1FFCE005EB320 /* Debug */,
				DAD776382DF1FFCE005EB320 /* Release */,
			);
			defaultConfigurationIsVisible = 0;
			defaultConfigurationName = Release;
		};
		DAD776392DF1FFCE005EB320 /* Build configuration list for PBXNativeTarget "PRTimerUITests" */ = {
			isa = XCConfigurationList;
			buildConfigurations = (
				DAD7763A2DF1FFCE005EB320 /* Debug */,
				DAD7763B2DF1FFCE005EB320 /* Release */,
			);
			defaultConfigurationIsVisible = 0;
			defaultConfigurationName = Release;
		};
/* End XCConfigurationList section */
	};
	rootObject = DAD7760A2DF1FFCD005EB320 /* Project object */;
}
